
Microsoft Visual Studio Solution File, Format Version 12.00
# Visual Studio Version 17
VisualStudioVersion = 17.4.33103.184
MinimumVisualStudioVersion = 10.0.40219.1
Project("{9A19103F-16F7-4668-BE54-9A1E7A4F7556}") = "CleanArch.Infrastructure", "CleanArch.Data\CleanArch.Infrastructure.csproj", "{AE24CE81-6641-464D-AD23-DA693513812F}"
EndProject
Project("{9A19103F-16F7-4668-BE54-9A1E7A4F7556}") = "CleanArch.Domain", "CleanArch.Domain\CleanArch.Domain.csproj", "{94344582-4B3D-46DD-BEAA-FDE4ED7F412D}"
EndProject
Project("{2150E333-8FDC-42A3-9474-1A3956D46DE8}") = "src", "src", "{2DE2F320-3E59-4F69-951A-29D989CE97F7}"
EndProject
Project("{2150E333-8FDC-42A3-9474-1A3956D46DE8}") = "doc", "doc", "{F5059B83-6C57-443A-B041-7227A3297B7B}"
EndProject
Project("{2150E333-8FDC-42A3-9474-1A3956D46DE8}") = "test", "test", "{F3D329ED-BD62-4461-A22C-455243C50FE7}"
EndProject
Project("{2150E333-8FDC-42A3-9474-1A3956D46DE8}") = "API", "API", "{68DFC40D-9D69-473A-A625-8892BBE3597F}"
EndProject
Project("{2150E333-8FDC-42A3-9474-1A3956D46DE8}") = "Core", "Core", "{AC3BED02-F57B-47F0-9866-292CE6C194D4}"
EndProject
Project("{2150E333-8FDC-42A3-9474-1A3956D46DE8}") = "Infrastructure", "Infrastructure", "{4225DB0E-76A2-4B4E-BD3F-06CFBDEB1402}"
EndProject
Project("{FAE04EC0-301F-11D3-BF4B-00C04F79EFBC}") = "CleanArch.API", "CleanArch.api\CleanArch.API.csproj", "{4810F290-6B93-42BF-A553-89EE1D87565B}"
EndProject
Project("{FAE04EC0-301F-11D3-BF4B-00C04F79EFBC}") = "CleanArch.Application", "CleanArch.Application\CleanArch.Application.csproj", "{6F0BBFBC-1032-4A90-A4BB-C3B3360F6D9A}"
EndProject
Global
	GlobalSection(SolutionConfigurationPlatforms) = preSolution
		Debug|Any CPU = Debug|Any CPU
		Release|Any CPU = Release|Any CPU
	EndGlobalSection
	GlobalSection(ProjectConfigurationPlatforms) = postSolution
		{AE24CE81-6641-464D-AD23-DA693513812F}.Debug|Any CPU.ActiveCfg = Debug|Any CPU
		{AE24CE81-6641-464D-AD23-DA693513812F}.Debug|Any CPU.Build.0 = Debug|Any CPU
		{AE24CE81-6641-464D-AD23-DA693513812F}.Release|Any CPU.ActiveCfg = Release|Any CPU
		{AE24CE81-6641-464D-AD23-DA693513812F}.Release|Any CPU.Build.0 = Release|Any CPU
		{94344582-4B3D-46DD-BEAA-FDE4ED7F412D}.Debug|Any CPU.ActiveCfg = Debug|Any CPU
		{94344582-4B3D-46DD-BEAA-FDE4ED7F412D}.Debug|Any CPU.Build.0 = Debug|Any CPU
		{94344582-4B3D-46DD-BEAA-FDE4ED7F412D}.Release|Any CPU.ActiveCfg = Release|Any CPU
		{94344582-4B3D-46DD-BEAA-FDE4ED7F412D}.Release|Any CPU.Build.0 = Release|Any CPU
		{4810F290-6B93-42BF-A553-89EE1D87565B}.Debug|Any CPU.ActiveCfg = Debug|Any CPU
		{4810F290-6B93-42BF-A553-89EE1D87565B}.Debug|Any CPU.Build.0 = Debug|Any CPU
		{4810F290-6B93-42BF-A553-89EE1D87565B}.Release|Any CPU.ActiveCfg = Release|Any CPU
		{4810F290-6B93-42BF-A553-89EE1D87565B}.Release|Any CPU.Build.0 = Release|Any CPU
		{6F0BBFBC-1032-4A90-A4BB-C3B3360F6D9A}.Debug|Any CPU.ActiveCfg = Debug|Any CPU
		{6F0BBFBC-1032-4A90-A4BB-C3B3360F6D9A}.Debug|Any CPU.Build.0 = Debug|Any CPU
		{6F0BBFBC-1032-4A90-A4BB-C3B3360F6D9A}.Release|Any CPU.ActiveCfg = Release|Any CPU
		{6F0BBFBC-1032-4A90-A4BB-C3B3360F6D9A}.Release|Any CPU.Build.0 = Release|Any CPU
	EndGlobalSection
	GlobalSection(SolutionProperties) = preSolution
		HideSolutionNode = FALSE
	EndGlobalSection
	GlobalSection(NestedProjects) = preSolution
		{AE24CE81-6641-464D-AD23-DA693513812F} = {4225DB0E-76A2-4B4E-BD3F-06CFBDEB1402}
		{94344582-4B3D-46DD-BEAA-FDE4ED7F412D} = {AC3BED02-F57B-47F0-9866-292CE6C194D4}
		{68DFC40D-9D69-473A-A625-8892BBE3597F} = {2DE2F320-3E59-4F69-951A-29D989CE97F7}
		{AC3BED02-F57B-47F0-9866-292CE6C194D4} = {2DE2F320-3E59-4F69-951A-29D989CE97F7}
		{4225DB0E-76A2-4B4E-BD3F-06CFBDEB1402} = {2DE2F320-3E59-4F69-951A-29D989CE97F7}
		{4810F290-6B93-42BF-A553-89EE1D87565B} = {68DFC40D-9D69-473A-A625-8892BBE3597F}
		{6F0BBFBC-1032-4A90-A4BB-C3B3360F6D9A} = {AC3BED02-F57B-47F0-9866-292CE6C194D4}
	EndGlobalSection
	GlobalSection(ExtensibilityGlobals) = postSolution
		SolutionGuid = {F5F12345-376D-42CE-96C6-470A70A8AEB9}
	EndGlobalSection
EndGlobal
